// !$*UTF8*$!
{
	archiveVersion = 1;
	classes = {
	};
	objectVersion = 50;
	objects = {

/* Begin PBXBuildFile section */
		1433D8372454528A004B49DA /* AppDelegate.swift in Sources */ = {isa = PBXBuildFile; fileRef = 1433D8362454528A004B49DA /* AppDelegate.swift */; };
		1433D8392454528A004B49DA /* SceneDelegate.swift in Sources */ = {isa = PBXBuildFile; fileRef = 1433D8382454528A004B49DA /* SceneDelegate.swift */; };
		1433D83B2454528A004B49DA /* ContentView.swift in Sources */ = {isa = PBXBuildFile; fileRef = 1433D83A2454528A004B49DA /* ContentView.swift */; };
		1433D83D24545291004B49DA /* Assets.xcassets in Resources */ = {isa = PBXBuildFile; fileRef = 1433D83C24545291004B49DA /* Assets.xcassets */; };
		1433D84024545291004B49DA /* Preview Assets.xcassets in Resources */ = {isa = PBXBuildFile; fileRef = 1433D83F24545291004B49DA /* Preview Assets.xcassets */; };
		1433D84324545291004B49DA /* LaunchScreen.storyboard in Resources */ = {isa = PBXBuildFile; fileRef = 1433D84124545291004B49DA /* LaunchScreen.storyboard */; };
		1433D84C2456E6C1004B49DA /* NetworkManager.swift in Sources */ = {isa = PBXBuildFile; fileRef = 1433D84B2456E6C1004B49DA /* NetworkManager.swift */; };
		1433D84E2456E97A004B49DA /* PostData.swift in Sources */ = {isa = PBXBuildFile; fileRef = 1433D84D2456E97A004B49DA /* PostData.swift */; };
		1433D85124571308004B49DA /* DetailView.swift in Sources */ = {isa = PBXBuildFile; fileRef = 1433D85024571308004B49DA /* DetailView.swift */; };
		1433D853245718F2004B49DA /* WebView.swift in Sources */ = {isa = PBXBuildFile; fileRef = 1433D852245718F2004B49DA /* WebView.swift */; };
/* End PBXBuildFile section */

/* Begin PBXFileReference section */
		1433D8332454528A004B49DA /* H4X0R News.app */ = {isa = PBXFileReference; explicitFileType = wrapper.application; includeInIndex = 0; path = "H4X0R News.app"; sourceTree = BUILT_PRODUCTS_DIR; };
		1433D8362454528A004B49DA /* AppDelegate.swift */ = {isa = PBXFileReference; lastKnownFileType = sourcecode.swift; path = AppDelegate.swift; sourceTree = "<group>"; };
		1433D8382454528A004B49DA /* SceneDelegate.swift */ = {isa = PBXFileReference; lastKnownFileType = sourcecode.swift; path = SceneDelegate.swift; sourceTree = "<group>"; };
		1433D83A2454528A004B49DA /* ContentView.swift */ = {isa = PBXFileReference; lastKnownFileType = sourcecode.swift; path = ContentView.swift; sourceTree = "<group>"; };
		1433D83C24545291004B49DA /* Assets.xcassets */ = {isa = PBXFileReference; lastKnownFileType = folder.assetcatalog; path = Assets.xcassets; sourceTree = "<group>"; };
		1433D83F24545291004B49DA /* Preview Assets.xcassets */ = {isa = PBXFileReference; lastKnownFileType = folder.assetcatalog; path = "Preview Assets.xcassets"; sourceTree = "<group>"; };
		1433D84224545291004B49DA /* Base */ = {isa = PBXFileReference; lastKnownFileType = file.storyboard; name = Base; path = Base.lproj/LaunchScreen.storyboard; sourceTree = "<group>"; };
		1433D84424545291004B49DA /* Info.plist */ = {isa = PBXFileReference; lastKnownFileType = text.plist.xml; path = Info.plist; sourceTree = "<group>"; };
		1433D84B2456E6C1004B49DA /* NetworkManager.swift */ = {isa = PBXFileReference; lastKnownFileType = sourcecode.swift; path = NetworkManager.swift; sourceTree = "<group>"; };
		1433D84D2456E97A004B49DA /* PostData.swift */ = {isa = PBXFileReference; lastKnownFileType = sourcecode.swift; path = PostData.swift; sourceTree = "<group>"; };
		1433D85024571308004B49DA /* DetailView.swift */ = {isa = PBXFileReference; lastKnownFileType = sourcecode.swift; path = DetailView.swift; sourceTree = "<group>"; };
		1433D852245718F2004B49DA /* WebView.swift */ = {isa = PBXFileReference; lastKnownFileType = sourcecode.swift; path = WebView.swift; sourceTree = "<group>"; };
/* End PBXFileReference section */

/* Begin PBXFrameworksBuildPhase section */
		1433D8302454528A004B49DA /* Frameworks */ = {
			isa = PBXFrameworksBuildPhase;
			buildActionMask = 2147483647;
			files = (
			);
			runOnlyForDeploymentPostprocessing = 0;
		};
/* End PBXFrameworksBuildPhase section */

/* Begin PBXGroup section */
		1433D82A2454528A004B49DA = {
			isa = PBXGroup;
			children = (
				1433D8352454528A004B49DA /* H4X0R News */,
				1433D8342454528A004B49DA /* Products */,
			);
			sourceTree = "<group>";
		};
		1433D8342454528A004B49DA /* Products */ = {
			isa = PBXGroup;
			children = (
				1433D8332454528A004B49DA /* H4X0R News.app */,
			);
			name = Products;
			sourceTree = "<group>";
		};
		1433D8352454528A004B49DA /* H4X0R News */ = {
			isa = PBXGroup;
			children = (
				1433D84A2456E678004B49DA /* Models */,
				1433D8362454528A004B49DA /* AppDelegate.swift */,
				1433D8382454528A004B49DA /* SceneDelegate.swift */,
				1433D84F245712E5004B49DA /* Views */,
				1433D83C24545291004B49DA /* Assets.xcassets */,
				1433D84124545291004B49DA /* LaunchScreen.storyboard */,
				1433D84424545291004B49DA /* Info.plist */,
				1433D83E24545291004B49DA /* Preview Content */,
			);
			path = "H4X0R News";
			sourceTree = "<group>";
		};
		1433D83E24545291004B49DA /* Preview Content */ = {
			isa = PBXGroup;
			children = (
				1433D83F24545291004B49DA /* Preview Assets.xcassets */,
			);
			path = "Preview Content";
			sourceTree = "<group>";
		};
		1433D84A2456E678004B49DA /* Models */ = {
			isa = PBXGroup;
			children = (
				1433D84B2456E6C1004B49DA /* NetworkManager.swift */,
				1433D84D2456E97A004B49DA /* PostData.swift */,
			);
			path = Models;
			sourceTree = "<group>";
		};
		1433D84F245712E5004B49DA /* Views */ = {
			isa = PBXGroup;
			children = (
				1433D83A2454528A004B49DA /* ContentView.swift */,
				1433D85024571308004B49DA /* DetailView.swift */,
				1433D852245718F2004B49DA /* WebView.swift */,
			);
			path = Views;
			sourceTree = "<group>";
		};
/* End PBXGroup section */

/* Begin PBXNativeTarget section */
		1433D8322454528A004B49DA /* H4X0R News */ = {
			isa = PBXNativeTarget;
			buildConfigurationList = 1433D84724545291004B49DA /* Build configuration list for PBXNativeTarget "H4X0R News" */;
			buildPhases = (
				1433D82F2454528A004B49DA /* Sources */,
				1433D8302454528A004B49DA /* Frameworks */,
				1433D8312454528A004B49DA /* Resources */,
			);
			buildRules = (
			);
			dependencies = (
			);
			name = "H4X0R News";
			productName = "H4X0R News";
			productReference = 1433D8332454528A004B49DA /* H4X0R News.app */;
			productType = "com.apple.product-type.application";
		};
/* End PBXNativeTarget section */

/* Begin PBXProject section */
		1433D82B2454528A004B49DA /* Project object */ = {
			isa = PBXProject;
			attributes = {
				LastSwiftUpdateCheck = 1130;
				LastUpgradeCheck = 1130;
				ORGANIZATIONNAME = "Mateusz Sarnowski";
				TargetAttributes = {
					1433D8322454528A004B49DA = {
						CreatedOnToolsVersion = 11.3.1;
					};
				};
			};
			buildConfigurationList = 1433D82E2454528A004B49DA /* Build configuration list for PBXProject "H4X0R News" */;
			compatibilityVersion = "Xcode 9.3";
			developmentRegion = en;
			hasScannedForEncodings = 0;
			knownRegions = (
				en,
				Base,
			);
			mainGroup = 1433D82A2454528A004B49DA;
			productRefGroup = 1433D8342454528A004B49DA /* Products */;
			projectDirPath = "";
			projectRoot = "";
			targets = (
				1433D8322454528A004B49DA /* H4X0R News */,
			);
		};
/* End PBXProject section */

/* Begin PBXResourcesBuildPhase section */
		1433D8312454528A004B49DA /* Resources */ = {
			isa = PBXResourcesBuildPhase;
			buildActionMask = 2147483647;
			files = (
				1433D84324545291004B49DA /* LaunchScreen.storyboard in Resources */,
				1433D84024545291004B49DA /* Preview Assets.xcassets in Resources */,
				1433D83D24545291004B49DA /* Assets.xcassets in Resources */,
			);
			runOnlyForDeploymentPostprocessing = 0;
		};
/* End PBXResourcesBuildPhase section */

/* Begin PBXSourcesBuildPhase section */
		1433D82F2454528A004B49DA /* Sources */ = {
			isa = PBXSourcesBuildPhase;
			buildActionMask = 2147483647;
			files = (
				1433D84E2456E97A004B49DA /* PostData.swift in Sources */,
				1433D85124571308004B49DA /* DetailView.swift in Sources */,
				1433D84C2456E6C1004B49DA /* NetworkManager.swift in Sources */,
				1433D8372454528A004B49DA /* AppDelegate.swift in Sources */,
				1433D8392454528A004B49DA /* SceneDelegate.swift in Sources */,
				1433D83B2454528A004B49DA /* ContentView.swift in Sources */,
				1433D853245718F2004B49DA /* WebView.swift in Sources */,
			);
			runOnlyForDeploymentPostprocessing = 0;
		};
/* End PBXSourcesBuildPhase section */

/* Begin PBXVariantGroup section */
		1433D84124545291004B49DA /* LaunchScreen.storyboard */ = {
			isa = PBXVariantGroup;
			children = (
				1433D84224545291004B49DA /* Base */,
			);
			name = LaunchScreen.storyboard;
			sourceTree = "<group>";
		};
/* End PBXVariantGroup section */

/* Begin XCBuildConfiguration section */
		1433D84524545291004B49DA /* Debug */ = {
			isa = XCBuildConfiguration;
			buildSettings = {
				ALWAYS_SEARCH_USER_PATHS = NO;
				CLANG_ANALYZER_NONNULL = YES;
				CLANG_ANALYZER_NUMBER_OBJECT_CONVERSION = YES_AGGRESSIVE;
				CLANG_CXX_LANGUAGE_STANDARD = "gnu++14";
				CLANG_CXX_LIBRARY = "libc++";
				CLANG_ENABLE_MODULES = YES;
				CLANG_ENABLE_OBJC_ARC = YES;
				CLANG_ENABLE_OBJC_WEAK = YES;
				CLANG_WARN_BLOCK_CAPTURE_AUTORELEASING = YES;
				CLANG_WARN_BOOL_CONVERSION = YES;
				CLANG_WARN_COMMA = YES;
				CLANG_WARN_CONSTANT_CONVERSION = YES;
				CLANG_WARN_DEPRECATED_OBJC_IMPLEMENTATIONS = YES;
				CLANG_WARN_DIRECT_OBJC_ISA_USAGE = YES_ERROR;
				CLANG_WARN_DOCUMENTATION_COMMENTS = YES;
				CLANG_WARN_EMPTY_BODY = YES;
				CLANG_WARN_ENUM_CONVERSION = YES;
				CLANG_WARN_INFINITE_RECURSION = YES;
				CLANG_WARN_INT_CONVERSION = YES;
				CLANG_WARN_NON_LITERAL_NULL_CONVERSION = YES;
				CLANG_WARN_OBJC_IMPLICIT_RETAIN_SELF = YES;
				CLANG_WARN_OBJC_LITERAL_CONVERSION = YES;
				CLANG_WARN_OBJC_ROOT_CLASS = YES_ERROR;
				CLANG_WARN_RANGE_LOOP_ANALYSIS = YES;
				CLANG_WARN_STRICT_PROTOTYPES = YES;
				CLANG_WARN_SUSPICIOUS_MOVE = YES;
				CLANG_WARN_UNGUARDED_AVAILABILITY = YES_AGGRESSIVE;
				CLANG_WARN_UNREACHABLE_CODE = YES;
				CLANG_WARN__DUPLICATE_METHOD_MATCH = YES;
				COPY_PHASE_STRIP = NO;
				DEBUG_INFORMATION_FORMAT = dwarf;
				ENABLE_STRICT_OBJC_MSGSEND = YES;
				ENABLE_TESTABILITY = YES;
				GCC_C_LANGUAGE_STANDARD = gnu11;
				GCC_DYNAMIC_NO_PIC = NO;
				GCC_NO_COMMON_BLOCKS = YES;
				GCC_OPTIMIZATION_LEVEL = 0;
				GCC_PREPROCESSOR_DEFINITIONS = (
					"DEBUG=1",
					"$(inherited)",
				);
				GCC_WARN_64_TO_32_BIT_CONVERSION = YES;
				GCC_WARN_ABOUT_RETURN_TYPE = YES_ERROR;
				GCC_WARN_UNDECLARED_SELECTOR = YES;
				GCC_WARN_UNINITIALIZED_AUTOS = YES_AGGRESSIVE;
				GCC_WARN_UNUSED_FUNCTION = YES;
				GCC_WARN_UNUSED_VARIABLE = YES;
				IPHONEOS_DEPLOYMENT_TARGET = 13.2;
				MTL_ENABLE_DEBUG_INFO = INCLUDE_SOURCE;
				MTL_FAST_MATH = YES;
				ONLY_ACTIVE_ARCH = YES;
				SDKROOT = iphoneos;
				SWIFT_ACTIVE_COMPILATION_CONDITIONS = DEBUG;
				SWIFT_OPTIMIZATION_LEVEL = "-Onone";
			};
			name = Debug;
		};
		1433D84624545291004B49DA /* Release */ = {
			isa = XCBuildConfiguration;
			buildSettings = {
				ALWAYS_SEARCH_USER_PATHS = NO;
				CLANG_ANALYZER_NONNULL = YES;
				CLANG_ANALYZER_NUMBER_OBJECT_CONVERSION = YES_AGGRESSIVE;
				CLANG_CXX_LANGUAGE_STANDARD = "gnu++14";
				CLANG_CXX_LIBRARY = "libc++";
				CLANG_ENABLE_MODULES = YES;
				CLANG_ENABLE_OBJC_ARC = YES;
				CLANG_ENABLE_OBJC_WEAK = YES;
				CLANG_WARN_BLOCK_CAPTURE_AUTORELEASING = YES;
				CLANG_WARN_BOOL_CONVERSION = YES;
				CLANG_WARN_COMMA = YES;
				CLANG_WARN_CONSTANT_CONVERSION = YES;
				CLANG_WARN_DEPRECATED_OBJC_IMPLEMENTATIONS = YES;
				CLANG_WARN_DIRECT_OBJC_ISA_USAGE = YES_ERROR;
				CLANG_WARN_DOCUMENTATION_COMMENTS = YES;
				CLANG_WARN_EMPTY_BODY = YES;
				CLANG_WARN_ENUM_CONVERSION = YES;
				CLANG_WARN_INFINITE_RECURSION = YES;
				CLANG_WARN_INT_CONVERSION = YES;
				CLANG_WARN_NON_LITERAL_NULL_CONVERSION = YES;
				CLANG_WARN_OBJC_IMPLICIT_RETAIN_SELF = YES;
				CLANG_WARN_OBJC_LITERAL_CONVERSION = YES;
				CLANG_WARN_OBJC_ROOT_CLASS = YES_ERROR;
				CLANG_WARN_RANGE_LOOP_ANALYSIS = YES;
				CLANG_WARN_STRICT_PROTOTYPES = YES;
				CLANG_WARN_SUSPICIOUS_MOVE = YES;
				CLANG_WARN_UNGUARDED_AVAILABILITY = YES_AGGRESSIVE;
				CLANG_WARN_UNREACHABLE_CODE = YES;
				CLANG_WARN__DUPLICATE_METHOD_MATCH = YES;
				COPY_PHASE_STRIP = NO;
				DEBUG_INFORMATION_FORMAT = "dwarf-with-dsym";
				ENABLE_NS_ASSERTIONS = NO;
				ENABLE_STRICT_OBJC_MSGSEND = YES;
				GCC_C_LANGUAGE_STANDARD = gnu11;
				GCC_NO_COMMON_BLOCKS = YES;
				GCC_WARN_64_TO_32_BIT_CONVERSION = YES;
				GCC_WARN_ABOUT_RETURN_TYPE = YES_ERROR;
				GCC_WARN_UNDECLARED_SELECTOR = YES;
				GCC_WARN_UNINITIALIZED_AUTOS = YES_AGGRESSIVE;
				GCC_WARN_UNUSED_FUNCTION = YES;
				GCC_WARN_UNUSED_VARIABLE = YES;
				IPHONEOS_DEPLOYMENT_TARGET = 13.2;
				MTL_ENABLE_DEBUG_INFO = NO;
				MTL_FAST_MATH = YES;
				SDKROOT = iphoneos;
				SWIFT_COMPILATION_MODE = wholemodule;
				SWIFT_OPTIMIZATION_LEVEL = "-O";
				VALIDATE_PRODUCT = YES;
			};
			name = Release;
		};
		1433D84824545291004B49DA /* Debug */ = {
			isa = XCBuildConfiguration;
			buildSettings = {
				ASSETCATALOG_COMPILER_APPICON_NAME = AppIcon;
				CODE_SIGN_STYLE = Automatic;
				DEVELOPMENT_ASSET_PATHS = "\"H4X0R News/Preview Content\"";
				DEVELOPMENT_TEAM = C8JT754L33;
				ENABLE_PREVIEWS = YES;
				INFOPLIST_FILE = "H4X0R News/Info.plist";
				LD_RUNPATH_SEARCH_PATHS = (
					"$(inherited)",
					"@executable_path/Frameworks",
				);
				PRODUCT_BUNDLE_IDENTIFIER = "com.mateuszsarnowski.H4X0R-News";
				PRODUCT_NAME = "$(TARGET_NAME)";
				SWIFT_VERSION = 5.0;
				TARGETED_DEVICE_FAMILY = "1,2";
			};
			name = Debug;
		};
		1433D84924545291004B49DA /* Release */ = {
			isa = XCBuildConfiguration;
			buildSettings = {
				ASSETCATALOG_COMPILER_APPICON_NAME = AppIcon;
				CODE_SIGN_STYLE = Automatic;
				DEVELOPMENT_ASSET_PATHS = "\"H4X0R News/Preview Content\"";
				DEVELOPMENT_TEAM = C8JT754L33;
				ENABLE_PREVIEWS = YES;
				INFOPLIST_FILE = "H4X0R News/Info.plist";
				LD_RUNPATH_SEARCH_PATHS = (
					"$(inherited)",
					"@executable_path/Frameworks",
				);
				PRODUCT_BUNDLE_IDENTIFIER = "com.mateuszsarnowski.H4X0R-News";
				PRODUCT_NAME = "$(TARGET_NAME)";
				SWIFT_VERSION = 5.0;
				TARGETED_DEVICE_FAMILY = "1,2";
			};
			name = Release;
		};
/* End XCBuildConfiguration section */

/* Begin XCConfigurationList section */
		1433D82E2454528A004B49DA /* Build configuration list for PBXProject "H4X0R News" */ = {
			isa = XCConfigurationList;
			buildConfigurations = (
				1433D84524545291004B49DA /* Debug */,
				1433D84624545291004B49DA /* Release */,
			);
			defaultConfigurationIsVisible = 0;
			defaultConfigurationName = Release;
		};
		1433D84724545291004B49DA /* Build configuration list for PBXNativeTarget "H4X0R News" */ = {
			isa = XCConfigurationList;
			buildConfigurations = (
				1433D84824545291004B49DA /* Debug */,
				1433D84924545291004B49DA /* Release */,
			);
			defaultConfigurationIsVisible = 0;
			defaultConfigurationName = Release;
		};
/* End XCConfigurationList section */
	};
	rootObject = 1433D82B2454528A004B49DA /* Project object */;
}
